
Microsoft Visual Studio Solution File, Format Version 12.00
# Visual Studio 14
VisualStudioVersion = 14.0.25420.1
MinimumVisualStudioVersion = 10.0.40219.1
Project("{FAE04EC0-301F-11D3-BF4B-00C04F79EFBC}") = "FlashStart", "FlashStart\FlashStart.csproj", "{33D04424-F483-4489-9AA0-BA4C3095BB4A}"
EndProject
Global
	GlobalSection(SolutionConfigurationPlatforms) = preSolution
		Debug|Any CPU = Debug|Any CPU
		Release|Any CPU = Release|Any CPU
	EndGlobalSection
	GlobalSection(ProjectConfigurationPlatforms) = postSolution
		{33D04424-F483-4489-9AA0-BA4C3095BB4A}.Debug|Any CPU.ActiveCfg = Debug|Any CPU
		{33D04424-F483-4489-9AA0-BA4C3095BB4A}.Debug|Any CPU.Build.0 = Debug|Any CPU
		{33D04424-F483-4489-9AA0-BA4C3095BB4A}.Release|Any CPU.ActiveCfg = Release|Any CPU
		{33D04424-F483-4489-9AA0-BA4C3095BB4A}.Release|Any CPU.Build.0 = Release|Any CPU
	EndGlobalSection
	GlobalSection(SolutionProperties) = preSolution
		HideSolutionNode = FALSE
	EndGlobalSection
EndGlobal
